
Microsoft Visual Studio Solution File, Format Version 12.00
# Visual Studio Version 17
VisualStudioVersion = 17.3.32825.248
MinimumVisualStudioVersion = 10.0.40219.1
Project("{FAE04EC0-301F-11D3-BF4B-00C04F79EFBC}") = "Teste", "Teste\Teste.csproj", "{80392775-4279-4EE4-A2B1-D1AC77A54120}"
EndProject
Global
	GlobalSection(SolutionConfigurationPlatforms) = preSolution
		Debug|Any CPU = Debug|Any CPU
		Release|Any CPU = Release|Any CPU
	EndGlobalSection
	GlobalSection(ProjectConfigurationPlatforms) = postSolution
		{80392775-4279-4EE4-A2B1-D1AC77A54120}.Debug|Any CPU.ActiveCfg = Debug|Any CPU
		{80392775-4279-4EE4-A2B1-D1AC77A54120}.Debug|Any CPU.Build.0 = Debug|Any CPU
		{80392775-4279-4EE4-A2B1-D1AC77A54120}.Release|Any CPU.ActiveCfg = Release|Any CPU
		{80392775-4279-4EE4-A2B1-D1AC77A54120}.Release|Any CPU.Build.0 = Release|Any CPU
	EndGlobalSection
	GlobalSection(SolutionProperties) = preSolution
		HideSolutionNode = FALSE
	EndGlobalSection
	GlobalSection(ExtensibilityGlobals) = postSolution
		SolutionGuid = {ADDE7141-8FF0-4DD3-A43E-9D30DCADC78A}
	EndGlobalSection
EndGlobal
