
Microsoft Visual Studio Solution File, Format Version 12.00
# Visual Studio Version 17
VisualStudioVersion = 17.3.32825.248
MinimumVisualStudioVersion = 10.0.40219.1
Project("{FAE04EC0-301F-11D3-BF4B-00C04F79EFBC}") = "Jokkenpo", "Jokkenpo\Jokkenpo.csproj", "{CBA091FC-A53F-45B3-8107-6649B7D05896}"
EndProject
Global
	GlobalSection(SolutionConfigurationPlatforms) = preSolution
		Debug|Any CPU = Debug|Any CPU
		Release|Any CPU = Release|Any CPU
	EndGlobalSection
	GlobalSection(ProjectConfigurationPlatforms) = postSolution
		{CBA091FC-A53F-45B3-8107-6649B7D05896}.Debug|Any CPU.ActiveCfg = Debug|Any CPU
		{CBA091FC-A53F-45B3-8107-6649B7D05896}.Debug|Any CPU.Build.0 = Debug|Any CPU
		{CBA091FC-A53F-45B3-8107-6649B7D05896}.Release|Any CPU.ActiveCfg = Release|Any CPU
		{CBA091FC-A53F-45B3-8107-6649B7D05896}.Release|Any CPU.Build.0 = Release|Any CPU
	EndGlobalSection
	GlobalSection(SolutionProperties) = preSolution
		HideSolutionNode = FALSE
	EndGlobalSection
	GlobalSection(ExtensibilityGlobals) = postSolution
		SolutionGuid = {B1959678-1F01-4954-8CB7-FD8F272B01AB}
	EndGlobalSection
EndGlobal
